
Microsoft Visual Studio Solution File, Format Version 12.00
# Visual Studio Version 17
VisualStudioVersion = 17.11.35222.181
MinimumVisualStudioVersion = 10.0.40219.1
Project("{FAE04EC0-301F-11D3-BF4B-00C04F79EFBC}") = "Project", "Project\Project.csproj", "{A055B597-FF71-4638-B616-07D1DB7A57D8}"
EndProject
Global
	GlobalSection(SolutionConfigurationPlatforms) = preSolution
		Debug|Any CPU = Debug|Any CPU
		Release|Any CPU = Release|Any CPU
	EndGlobalSection
	GlobalSection(ProjectConfigurationPlatforms) = postSolution
		{A055B597-FF71-4638-B616-07D1DB7A57D8}.Debug|Any CPU.ActiveCfg = Debug|Any CPU
		{A055B597-FF71-4638-B616-07D1DB7A57D8}.Debug|Any CPU.Build.0 = Debug|Any CPU
		{A055B597-FF71-4638-B616-07D1DB7A57D8}.Release|Any CPU.ActiveCfg = Release|Any CPU
		{A055B597-FF71-4638-B616-07D1DB7A57D8}.Release|Any CPU.Build.0 = Release|Any CPU
	EndGlobalSection
	GlobalSection(SolutionProperties) = preSolution
		HideSolutionNode = FALSE
	EndGlobalSection
	GlobalSection(ExtensibilityGlobals) = postSolution
		SolutionGuid = {F49C111F-DAB2-45D8-88F2-9BC3DF6984DC}
	EndGlobalSection
EndGlobal
